
Microsoft Visual Studio Solution File, Format Version 12.00
# Visual Studio 15
VisualStudioVersion = 15.0.27428.2037
MinimumVisualStudioVersion = 10.0.40219.1
Project("{FAE04EC0-301F-11D3-BF4B-00C04F79EFBC}") = "KutuphaneOtomasyonu.WFA", "KutuphaneOtomasyonu\KutuphaneOtomasyonu.WFA.csproj", "{BB5D02C0-C8F0-434C-9F8D-0C834B1BCA14}"
EndProject
Project("{FAE04EC0-301F-11D3-BF4B-00C04F79EFBC}") = "KutuphaneOtomasyonu.DAL", "KutuphaneOtomasyonu.DAL\KutuphaneOtomasyonu.DAL.csproj", "{4C65946D-38F7-4376-B439-60CC65B7F686}"
EndProject
Project("{FAE04EC0-301F-11D3-BF4B-00C04F79EFBC}") = "KutuphaneOtomasyonu.BLL", "KutuphaneOtomasyonu.BLL\KutuphaneOtomasyonu.BLL.csproj", "{245EE4E0-F98D-48B5-AF9D-C984BAA66F38}"
EndProject
Project("{FAE04EC0-301F-11D3-BF4B-00C04F79EFBC}") = "KutuphaneOtomasyonu.Models", "KutuphaneOtomasyonu.Models\KutuphaneOtomasyonu.Models.csproj", "{641C9037-508F-4861-BB89-7FBFDEBBD282}"
EndProject
Global
	GlobalSection(SolutionConfigurationPlatforms) = preSolution
		Debug|Any CPU = Debug|Any CPU
		Release|Any CPU = Release|Any CPU
	EndGlobalSection
	GlobalSection(ProjectConfigurationPlatforms) = postSolution
		{BB5D02C0-C8F0-434C-9F8D-0C834B1BCA14}.Debug|Any CPU.ActiveCfg = Debug|Any CPU
		{BB5D02C0-C8F0-434C-9F8D-0C834B1BCA14}.Debug|Any CPU.Build.0 = Debug|Any CPU
		{BB5D02C0-C8F0-434C-9F8D-0C834B1BCA14}.Release|Any CPU.ActiveCfg = Release|Any CPU
		{BB5D02C0-C8F0-434C-9F8D-0C834B1BCA14}.Release|Any CPU.Build.0 = Release|Any CPU
		{4C65946D-38F7-4376-B439-60CC65B7F686}.Debug|Any CPU.ActiveCfg = Debug|Any CPU
		{4C65946D-38F7-4376-B439-60CC65B7F686}.Debug|Any CPU.Build.0 = Debug|Any CPU
		{4C65946D-38F7-4376-B439-60CC65B7F686}.Release|Any CPU.ActiveCfg = Release|Any CPU
		{4C65946D-38F7-4376-B439-60CC65B7F686}.Release|Any CPU.Build.0 = Release|Any CPU
		{245EE4E0-F98D-48B5-AF9D-C984BAA66F38}.Debug|Any CPU.ActiveCfg = Debug|Any CPU
		{245EE4E0-F98D-48B5-AF9D-C984BAA66F38}.Debug|Any CPU.Build.0 = Debug|Any CPU
		{245EE4E0-F98D-48B5-AF9D-C984BAA66F38}.Release|Any CPU.ActiveCfg = Release|Any CPU
		{245EE4E0-F98D-48B5-AF9D-C984BAA66F38}.Release|Any CPU.Build.0 = Release|Any CPU
		{641C9037-508F-4861-BB89-7FBFDEBBD282}.Debug|Any CPU.ActiveCfg = Debug|Any CPU
		{641C9037-508F-4861-BB89-7FBFDEBBD282}.Debug|Any CPU.Build.0 = Debug|Any CPU
		{641C9037-508F-4861-BB89-7FBFDEBBD282}.Release|Any CPU.ActiveCfg = Release|Any CPU
		{641C9037-508F-4861-BB89-7FBFDEBBD282}.Release|Any CPU.Build.0 = Release|Any CPU
	EndGlobalSection
	GlobalSection(SolutionProperties) = preSolution
		HideSolutionNode = FALSE
	EndGlobalSection
	GlobalSection(ExtensibilityGlobals) = postSolution
		SolutionGuid = {F2CAA343-CDB4-4777-A13B-4E2C87400B00}
	EndGlobalSection
EndGlobal
